// !$*UTF8*$!
{
	archiveVersion = 1;
	classes = {
	};
	objectVersion = 55;
	objects = {

/* Begin PBXBuildFile section */
		467DF3E028D723F400CEC61A /* AppDelegate.swift in Sources */ = {isa = PBXBuildFile; fileRef = 467DF3DF28D723F400CEC61A /* AppDelegate.swift */; };
		467DF3E228D723F400CEC61A /* SceneDelegate.swift in Sources */ = {isa = PBXBuildFile; fileRef = 467DF3E128D723F400CEC61A /* SceneDelegate.swift */; };
		467DF3E428D723F400CEC61A /* ViewController.swift in Sources */ = {isa = PBXBuildFile; fileRef = 467DF3E328D723F400CEC61A /* ViewController.swift */; };
		467DF3E728D723F400CEC61A /* Main.storyboard in Resources */ = {isa = PBXBuildFile; fileRef = 467DF3E528D723F400CEC61A /* Main.storyboard */; };
		467DF3E928D723F500CEC61A /* Assets.xcassets in Resources */ = {isa = PBXBuildFile; fileRef = 467DF3E828D723F500CEC61A /* Assets.xcassets */; };
		467DF3EC28D723F500CEC61A /* LaunchScreen.storyboard in Resources */ = {isa = PBXBuildFile; fileRef = 467DF3EA28D723F500CEC61A /* LaunchScreen.storyboard */; };
		46BFB43528C63F4F0075F06B /* AppDelegate.swift in Sources */ = {isa = PBXBuildFile; fileRef = 46BFB43428C63F4F0075F06B /* AppDelegate.swift */; };
		46BFB43728C63F4F0075F06B /* SceneDelegate.swift in Sources */ = {isa = PBXBuildFile; fileRef = 46BFB43628C63F4F0075F06B /* SceneDelegate.swift */; };
		46BFB43928C63F4F0075F06B /* ViewController.swift in Sources */ = {isa = PBXBuildFile; fileRef = 46BFB43828C63F4F0075F06B /* ViewController.swift */; };
		46BFB43C28C63F4F0075F06B /* Main.storyboard in Resources */ = {isa = PBXBuildFile; fileRef = 46BFB43A28C63F4F0075F06B /* Main.storyboard */; };
		46BFB43E28C63F510075F06B /* Assets.xcassets in Resources */ = {isa = PBXBuildFile; fileRef = 46BFB43D28C63F510075F06B /* Assets.xcassets */; };
		46BFB44128C63F510075F06B /* LaunchScreen.storyboard in Resources */ = {isa = PBXBuildFile; fileRef = 46BFB43F28C63F510075F06B /* LaunchScreen.storyboard */; };
		951177A2800DCF712B77DB3D /* Pods_PodfileExample.framework in Frameworks */ = {isa = PBXBuildFile; fileRef = 4F3C2C1E21151812F6C8DBD7 /* Pods_PodfileExample.framework */; };
/* End PBXBuildFile section */

/* Begin PBXFileReference section */
		467DF3DD28D723F400CEC61A /* Test2.app */ = {isa = PBXFileReference; explicitFileType = wrapper.application; includeInIndex = 0; path = Test2.app; sourceTree = BUILT_PRODUCTS_DIR; };
		467DF3DF28D723F400CEC61A /* AppDelegate.swift */ = {isa = PBXFileReference; lastKnownFileType = sourcecode.swift; path = AppDelegate.swift; sourceTree = "<group>"; };
		467DF3E128D723F400CEC61A /* SceneDelegate.swift */ = {isa = PBXFileReference; lastKnownFileType = sourcecode.swift; path = SceneDelegate.swift; sourceTree = "<group>"; };
		467DF3E328D723F400CEC61A /* ViewController.swift */ = {isa = PBXFileReference; lastKnownFileType = sourcecode.swift; path = ViewController.swift; sourceTree = "<group>"; };
		467DF3E628D723F400CEC61A /* Base */ = {isa = PBXFileReference; lastKnownFileType = file.storyboard; name = Base; path = Base.lproj/Main.storyboard; sourceTree = "<group>"; };
		467DF3E828D723F500CEC61A /* Assets.xcassets */ = {isa = PBXFileReference; lastKnownFileType = folder.assetcatalog; path = Assets.xcassets; sourceTree = "<group>"; };
		467DF3EB28D723F500CEC61A /* Base */ = {isa = PBXFileReference; lastKnownFileType = file.storyboard; name = Base; path = Base.lproj/LaunchScreen.storyboard; sourceTree = "<group>"; };
		467DF3ED28D723F500CEC61A /* Info.plist */ = {isa = PBXFileReference; lastKnownFileType = text.plist.xml; path = Info.plist; sourceTree = "<group>"; };
		46BFB43128C63F4F0075F06B /* PodfileExample.app */ = {isa = PBXFileReference; explicitFileType = wrapper.application; includeInIndex = 0; path = PodfileExample.app; sourceTree = BUILT_PRODUCTS_DIR; };
		46BFB43428C63F4F0075F06B /* AppDelegate.swift */ = {isa = PBXFileReference; lastKnownFileType = sourcecode.swift; path = AppDelegate.swift; sourceTree = "<group>"; };
		46BFB43628C63F4F0075F06B /* SceneDelegate.swift */ = {isa = PBXFileReference; lastKnownFileType = sourcecode.swift; path = SceneDelegate.swift; sourceTree = "<group>"; };
		46BFB43828C63F4F0075F06B /* ViewController.swift */ = {isa = PBXFileReference; lastKnownFileType = sourcecode.swift; path = ViewController.swift; sourceTree = "<group>"; };
		46BFB43B28C63F4F0075F06B /* Base */ = {isa = PBXFileReference; lastKnownFileType = file.storyboard; name = Base; path = Base.lproj/Main.storyboard; sourceTree = "<group>"; };
		46BFB43D28C63F510075F06B /* Assets.xcassets */ = {isa = PBXFileReference; lastKnownFileType = folder.assetcatalog; path = Assets.xcassets; sourceTree = "<group>"; };
		46BFB44028C63F510075F06B /* Base */ = {isa = PBXFileReference; lastKnownFileType = file.storyboard; name = Base; path = Base.lproj/LaunchScreen.storyboard; sourceTree = "<group>"; };
		46BFB44228C63F510075F06B /* Info.plist */ = {isa = PBXFileReference; lastKnownFileType = text.plist.xml; path = Info.plist; sourceTree = "<group>"; };
		4F3C2C1E21151812F6C8DBD7 /* Pods_PodfileExample.framework */ = {isa = PBXFileReference; explicitFileType = wrapper.framework; includeInIndex = 0; path = Pods_PodfileExample.framework; sourceTree = BUILT_PRODUCTS_DIR; };
		B9D77558E188D63256E89578 /* Pods-PodfileExample.release.xcconfig */ = {isa = PBXFileReference; includeInIndex = 1; lastKnownFileType = text.xcconfig; name = "Pods-PodfileExample.release.xcconfig"; path = "Target Support Files/Pods-PodfileExample/Pods-PodfileExample.release.xcconfig"; sourceTree = "<group>"; };
		D3615D715579AC5B51A45441 /* Pods-PodfileExample.debug.xcconfig */ = {isa = PBXFileReference; includeInIndex = 1; lastKnownFileType = text.xcconfig; name = "Pods-PodfileExample.debug.xcconfig"; path = "Target Support Files/Pods-PodfileExample/Pods-PodfileExample.debug.xcconfig"; sourceTree = "<group>"; };
/* End PBXFileReference section */

/* Begin PBXFrameworksBuildPhase section */
		467DF3DA28D723F400CEC61A /* Frameworks */ = {
			isa = PBXFrameworksBuildPhase;
			buildActionMask = 2147483647;
			files = (
			);
			runOnlyForDeploymentPostprocessing = 0;
		};
		46BFB42E28C63F4F0075F06B /* Frameworks */ = {
			isa = PBXFrameworksBuildPhase;
			buildActionMask = 2147483647;
			files = (
				951177A2800DCF712B77DB3D /* Pods_PodfileExample.framework in Frameworks */,
			);
			runOnlyForDeploymentPostprocessing = 0;
		};
/* End PBXFrameworksBuildPhase section */

/* Begin PBXGroup section */
		467DF3DE28D723F400CEC61A /* Test2 */ = {
			isa = PBXGroup;
			children = (
				467DF3DF28D723F400CEC61A /* AppDelegate.swift */,
				467DF3E128D723F400CEC61A /* SceneDelegate.swift */,
				467DF3E328D723F400CEC61A /* ViewController.swift */,
				467DF3E528D723F400CEC61A /* Main.storyboard */,
				467DF3E828D723F500CEC61A /* Assets.xcassets */,
				467DF3EA28D723F500CEC61A /* LaunchScreen.storyboard */,
				467DF3ED28D723F500CEC61A /* Info.plist */,
			);
			path = Test2;
			sourceTree = "<group>";
		};
		46BFB42828C63F4F0075F06B = {
			isa = PBXGroup;
			children = (
				46BFB43328C63F4F0075F06B /* PodfileExample */,
				467DF3DE28D723F400CEC61A /* Test2 */,
				46BFB43228C63F4F0075F06B /* Products */,
				D3A60D46728094DAFA2FAB21 /* Pods */,
				6FC9FDB541BF4C8029522F95 /* Frameworks */,
			);
			sourceTree = "<group>";
		};
		46BFB43228C63F4F0075F06B /* Products */ = {
			isa = PBXGroup;
			children = (
				46BFB43128C63F4F0075F06B /* PodfileExample.app */,
				467DF3DD28D723F400CEC61A /* Test2.app */,
			);
			name = Products;
			sourceTree = "<group>";
		};
		46BFB43328C63F4F0075F06B /* PodfileExample */ = {
			isa = PBXGroup;
			children = (
				46BFB43428C63F4F0075F06B /* AppDelegate.swift */,
				46BFB43628C63F4F0075F06B /* SceneDelegate.swift */,
				46BFB43828C63F4F0075F06B /* ViewController.swift */,
				46BFB43A28C63F4F0075F06B /* Main.storyboard */,
				46BFB43D28C63F510075F06B /* Assets.xcassets */,
				46BFB43F28C63F510075F06B /* LaunchScreen.storyboard */,
				46BFB44228C63F510075F06B /* Info.plist */,
			);
			path = PodfileExample;
			sourceTree = "<group>";
		};
		6FC9FDB541BF4C8029522F95 /* Frameworks */ = {
			isa = PBXGroup;
			children = (
				4F3C2C1E21151812F6C8DBD7 /* Pods_PodfileExample.framework */,
			);
			name = Frameworks;
			sourceTree = "<group>";
		};
		D3A60D46728094DAFA2FAB21 /* Pods */ = {
			isa = PBXGroup;
			children = (
				D3615D715579AC5B51A45441 /* Pods-PodfileExample.debug.xcconfig */,
				B9D77558E188D63256E89578 /* Pods-PodfileExample.release.xcconfig */,
			);
			path = Pods;
			sourceTree = "<group>";
		};
/* End PBXGroup section */

/* Begin PBXNativeTarget section */
		467DF3DC28D723F400CEC61A /* Test2 */ = {
			isa = PBXNativeTarget;
			buildConfigurationList = 467DF3F028D723F500CEC61A /* Build configuration list for PBXNativeTarget "Test2" */;
			buildPhases = (
				467DF3D928D723F400CEC61A /* Sources */,
				467DF3DA28D723F400CEC61A /* Frameworks */,
				467DF3DB28D723F400CEC61A /* Resources */,
			);
			buildRules = (
			);
			dependencies = (
			);
			name = Test2;
			productName = Test2;
			productReference = 467DF3DD28D723F400CEC61A /* Test2.app */;
			productType = "com.apple.product-type.application";
		};
		46BFB43028C63F4F0075F06B /* PodfileExample */ = {
			isa = PBXNativeTarget;
			buildConfigurationList = 46BFB44528C63F510075F06B /* Build configuration list for PBXNativeTarget "PodfileExample" */;
			buildPhases = (
				F7D78DAFC6B66F7DD04E297D /* [CP] Check Pods Manifest.lock */,
				46BFB42D28C63F4F0075F06B /* Sources */,
				46BFB42E28C63F4F0075F06B /* Frameworks */,
				46BFB42F28C63F4F0075F06B /* Resources */,
				3E1E02ED1FF78532B42CC7AB /* [CP] Embed Pods Frameworks */,
			);
			buildRules = (
			);
			dependencies = (
			);
			name = PodfileExample;
			productName = PodfileExample;
			productReference = 46BFB43128C63F4F0075F06B /* PodfileExample.app */;
			productType = "com.apple.product-type.application";
		};
/* End PBXNativeTarget section */

/* Begin PBXProject section */
		46BFB42928C63F4F0075F06B /* Project object */ = {
			isa = PBXProject;
			attributes = {
				BuildIndependentTargetsInParallel = 1;
				LastSwiftUpdateCheck = 1400;
				LastUpgradeCheck = 1340;
				TargetAttributes = {
					467DF3DC28D723F400CEC61A = {
						CreatedOnToolsVersion = 14.0;
					};
					46BFB43028C63F4F0075F06B = {
						CreatedOnToolsVersion = 13.4.1;
					};
				};
			};
			buildConfigurationList = 46BFB42C28C63F4F0075F06B /* Build configuration list for PBXProject "PodfileExample" */;
			compatibilityVersion = "Xcode 13.0";
			developmentRegion = en;
			hasScannedForEncodings = 0;
			knownRegions = (
				en,
				Base,
			);
			mainGroup = 46BFB42828C63F4F0075F06B;
			productRefGroup = 46BFB43228C63F4F0075F06B /* Products */;
			projectDirPath = "";
			projectRoot = "";
			targets = (
				46BFB43028C63F4F0075F06B /* PodfileExample */,
				467DF3DC28D723F400CEC61A /* Test2 */,
			);
		};
/* End PBXProject section */

/* Begin PBXResourcesBuildPhase section */
		467DF3DB28D723F400CEC61A /* Resources */ = {
			isa = PBXResourcesBuildPhase;
			buildActionMask = 2147483647;
			files = (
				467DF3EC28D723F500CEC61A /* LaunchScreen.storyboard in Resources */,
				467DF3E928D723F500CEC61A /* Assets.xcassets in Resources */,
				467DF3E728D723F400CEC61A /* Main.storyboard in Resources */,
			);
			runOnlyForDeploymentPostprocessing = 0;
		};
		46BFB42F28C63F4F0075F06B /* Resources */ = {
			isa = PBXResourcesBuildPhase;
			buildActionMask = 2147483647;
			files = (
				46BFB44128C63F510075F06B /* LaunchScreen.storyboard in Resources */,
				46BFB43E28C63F510075F06B /* Assets.xcassets in Resources */,
				46BFB43C28C63F4F0075F06B /* Main.storyboard in Resources */,
			);
			runOnlyForDeploymentPostprocessing = 0;
		};
/* End PBXResourcesBuildPhase section */

/* Begin PBXShellScriptBuildPhase section */
		3E1E02ED1FF78532B42CC7AB /* [CP] Embed Pods Frameworks */ = {
			isa = PBXShellScriptBuildPhase;
			buildActionMask = 2147483647;
			files = (
			);
			inputFileListPaths = (
				"${PODS_ROOT}/Target Support Files/Pods-PodfileExample/Pods-PodfileExample-frameworks-${CONFIGURATION}-input-files.xcfilelist",
			);
			name = "[CP] Embed Pods Frameworks";
			outputFileListPaths = (
				"${PODS_ROOT}/Target Support Files/Pods-PodfileExample/Pods-PodfileExample-frameworks-${CONFIGURATION}-output-files.xcfilelist",
			);
			runOnlyForDeploymentPostprocessing = 0;
			shellPath = /bin/sh;
			shellScript = "\"${PODS_ROOT}/Target Support Files/Pods-PodfileExample/Pods-PodfileExample-frameworks.sh\"\n";
			showEnvVarsInLog = 0;
		};
		F7D78DAFC6B66F7DD04E297D /* [CP] Check Pods Manifest.lock */ = {
			isa = PBXShellScriptBuildPhase;
			buildActionMask = 2147483647;
			files = (
			);
			inputFileListPaths = (
			);
			inputPaths = (
				"${PODS_PODFILE_DIR_PATH}/Podfile.lock",
				"${PODS_ROOT}/Manifest.lock",
			);
			name = "[CP] Check Pods Manifest.lock";
			outputFileListPaths = (
			);
			outputPaths = (
				"$(DERIVED_FILE_DIR)/Pods-PodfileExample-checkManifestLockResult.txt",
			);
			runOnlyForDeploymentPostprocessing = 0;
			shellPath = /bin/sh;
			shellScript = "diff \"${PODS_PODFILE_DIR_PATH}/Podfile.lock\" \"${PODS_ROOT}/Manifest.lock\" > /dev/null\nif [ $? != 0 ] ; then\n    # print error to STDERR\n    echo \"error: The sandbox is not in sync with the Podfile.lock. Run 'pod install' or update your CocoaPods installation.\" >&2\n    exit 1\nfi\n# This output is used by Xcode 'outputs' to avoid re-running this script phase.\necho \"SUCCESS\" > \"${SCRIPT_OUTPUT_FILE_0}\"\n";
			showEnvVarsInLog = 0;
		};
/* End PBXShellScriptBuildPhase section */

/* Begin PBXSourcesBuildPhase section */
		467DF3D928D723F400CEC61A /* Sources */ = {
			isa = PBXSourcesBuildPhase;
			buildActionMask = 2147483647;
			files = (
				467DF3E428D723F400CEC61A /* ViewController.swift in Sources */,
				467DF3E028D723F400CEC61A /* AppDelegate.swift in Sources */,
				467DF3E228D723F400CEC61A /* SceneDelegate.swift in Sources */,
			);
			runOnlyForDeploymentPostprocessing = 0;
		};
		46BFB42D28C63F4F0075F06B /* Sources */ = {
			isa = PBXSourcesBuildPhase;
			buildActionMask = 2147483647;
			files = (
				46BFB43928C63F4F0075F06B /* ViewController.swift in Sources */,
				46BFB43528C63F4F0075F06B /* AppDelegate.swift in Sources */,
				46BFB43728C63F4F0075F06B /* SceneDelegate.swift in Sources */,
			);
			runOnlyForDeploymentPostprocessing = 0;
		};
/* End PBXSourcesBuildPhase section */

/* Begin PBXVariantGroup section */
		467DF3E528D723F400CEC61A /* Main.storyboard */ = {
			isa = PBXVariantGroup;
			children = (
				467DF3E628D723F400CEC61A /* Base */,
			);
			name = Main.storyboard;
			sourceTree = "<group>";
		};
		467DF3EA28D723F500CEC61A /* LaunchScreen.storyboard */ = {
			isa = PBXVariantGroup;
			children = (
				467DF3EB28D723F500CEC61A /* Base */,
			);
			name = LaunchScreen.storyboard;
			sourceTree = "<group>";
		};
		46BFB43A28C63F4F0075F06B /* Main.storyboard */ = {
			isa = PBXVariantGroup;
			children = (
				46BFB43B28C63F4F0075F06B /* Base */,
			);
			name = Main.storyboard;
			sourceTree = "<group>";
		};
		46BFB43F28C63F510075F06B /* LaunchScreen.storyboard */ = {
			isa = PBXVariantGroup;
			children = (
				46BFB44028C63F510075F06B /* Base */,
			);
			name = LaunchScreen.storyboard;
			sourceTree = "<group>";
		};
/* End PBXVariantGroup section */

/* Begin XCBuildConfiguration section */
		467DF3EE28D723F500CEC61A /* Debug */ = {
			isa = XCBuildConfiguration;
			buildSettings = {
				ASSETCATALOG_COMPILER_APPICON_NAME = AppIcon;
				ASSETCATALOG_COMPILER_GLOBAL_ACCENT_COLOR_NAME = AccentColor;
				CLANG_CXX_LANGUAGE_STANDARD = "gnu++20";
				CODE_SIGN_STYLE = Automatic;
				CURRENT_PROJECT_VERSION = 1;
				DEVELOPMENT_TEAM = LM29897WJX;
				GENERATE_INFOPLIST_FILE = YES;
				INFOPLIST_FILE = Test2/Info.plist;
				INFOPLIST_KEY_UIApplicationSupportsIndirectInputEvents = YES;
				INFOPLIST_KEY_UILaunchStoryboardName = LaunchScreen;
				INFOPLIST_KEY_UIMainStoryboardFile = Main;
				INFOPLIST_KEY_UISupportedInterfaceOrientations_iPad = "UIInterfaceOrientationPortrait UIInterfaceOrientationPortraitUpsideDown UIInterfaceOrientationLandscapeLeft UIInterfaceOrientationLandscapeRight";
				INFOPLIST_KEY_UISupportedInterfaceOrientations_iPhone = "UIInterfaceOrientationPortrait UIInterfaceOrientationLandscapeLeft UIInterfaceOrientationLandscapeRight";
				IPHONEOS_DEPLOYMENT_TARGET = 16.0;
				LD_RUNPATH_SEARCH_PATHS = (
					"$(inherited)",
					"@executable_path/Frameworks",
				);
				MARKETING_VERSION = 1.0;
				PRODUCT_BUNDLE_IDENTIFIER = org.zzz.Test2;
				PRODUCT_NAME = "$(TARGET_NAME)";
				SWIFT_EMIT_LOC_STRINGS = YES;
				SWIFT_VERSION = 5.0;
				TARGETED_DEVICE_FAMILY = "1,2";
			};
			name = Debug;
		};
		467DF3EF28D723F500CEC61A /* Release */ = {
			isa = XCBuildConfiguration;
			buildSettings = {
				ASSETCATALOG_COMPILER_APPICON_NAME = AppIcon;
				ASSETCATALOG_COMPILER_GLOBAL_ACCENT_COLOR_NAME = AccentColor;
				CLANG_CXX_LANGUAGE_STANDARD = "gnu++20";
				CODE_SIGN_STYLE = Automatic;
				CURRENT_PROJECT_VERSION = 1;
				DEVELOPMENT_TEAM = LM29897WJX;
				GENERATE_INFOPLIST_FILE = YES;
				INFOPLIST_FILE = Test2/Info.plist;
				INFOPLIST_KEY_UIApplicationSupportsIndirectInputEvents = YES;
				INFOPLIST_KEY_UILaunchStoryboardName = LaunchScreen;
				INFOPLIST_KEY_UIMainStoryboardFile = Main;
				INFOPLIST_KEY_UISupportedInterfaceOrientations_iPad = "UIInterfaceOrientationPortrait UIInterfaceOrientationPortraitUpsideDown UIInterfaceOrientationLandscapeLeft UIInterfaceOrientationLandscapeRight";
				INFOPLIST_KEY_UISupportedInterfaceOrientations_iPhone = "UIInterfaceOrientationPortrait UIInterfaceOrientationLandscapeLeft UIInterfaceOrientationLandscapeRight";
				IPHONEOS_DEPLOYMENT_TARGET = 16.0;
				LD_RUNPATH_SEARCH_PATHS = (
					"$(inherited)",
					"@executable_path/Frameworks",
				);
				MARKETING_VERSION = 1.0;
				PRODUCT_BUNDLE_IDENTIFIER = org.zzz.Test2;
				PRODUCT_NAME = "$(TARGET_NAME)";
				SWIFT_EMIT_LOC_STRINGS = YES;
				SWIFT_VERSION = 5.0;
				TARGETED_DEVICE_FAMILY = "1,2";
			};
			name = Release;
		};
		46BFB44328C63F510075F06B /* Debug */ = {
			isa = XCBuildConfiguration;
			buildSettings = {
				ALWAYS_SEARCH_USER_PATHS = NO;
				CLANG_ANALYZER_NONNULL = YES;
				CLANG_ANALYZER_NUMBER_OBJECT_CONVERSION = YES_AGGRESSIVE;
				CLANG_CXX_LANGUAGE_STANDARD = "gnu++17";
				CLANG_ENABLE_MODULES = YES;
				CLANG_ENABLE_OBJC_ARC = YES;
				CLANG_ENABLE_OBJC_WEAK = YES;
				CLANG_WARN_BLOCK_CAPTURE_AUTORELEASING = YES;
				CLANG_WARN_BOOL_CONVERSION = YES;
				CLANG_WARN_COMMA = YES;
				CLANG_WARN_CONSTANT_CONVERSION = YES;
				CLANG_WARN_DEPRECATED_OBJC_IMPLEMENTATIONS = YES;
				CLANG_WARN_DIRECT_OBJC_ISA_USAGE = YES_ERROR;
				CLANG_WARN_DOCUMENTATION_COMMENTS = YES;
				CLANG_WARN_EMPTY_BODY = YES;
				CLANG_WARN_ENUM_CONVERSION = YES;
				CLANG_WARN_INFINITE_RECURSION = YES;
				CLANG_WARN_INT_CONVERSION = YES;
				CLANG_WARN_NON_LITERAL_NULL_CONVERSION = YES;
				CLANG_WARN_OBJC_IMPLICIT_RETAIN_SELF = YES;
				CLANG_WARN_OBJC_LITERAL_CONVERSION = YES;
				CLANG_WARN_OBJC_ROOT_CLASS = YES_ERROR;
				CLANG_WARN_QUOTED_INCLUDE_IN_FRAMEWORK_HEADER = YES;
				CLANG_WARN_RANGE_LOOP_ANALYSIS = YES;
				CLANG_WARN_STRICT_PROTOTYPES = YES;
				CLANG_WARN_SUSPICIOUS_MOVE = YES;
				CLANG_WARN_UNGUARDED_AVAILABILITY = YES_AGGRESSIVE;
				CLANG_WARN_UNREACHABLE_CODE = YES;
				CLANG_WARN__DUPLICATE_METHOD_MATCH = YES;
				COPY_PHASE_STRIP = NO;
				DEBUG_INFORMATION_FORMAT = dwarf;
				ENABLE_STRICT_OBJC_MSGSEND = YES;
				ENABLE_TESTABILITY = YES;
				GCC_C_LANGUAGE_STANDARD = gnu11;
				GCC_DYNAMIC_NO_PIC = NO;
				GCC_NO_COMMON_BLOCKS = YES;
				GCC_OPTIMIZATION_LEVEL = 0;
				GCC_PREPROCESSOR_DEFINITIONS = (
					"DEBUG=1",
					"$(inherited)",
				);
				GCC_WARN_64_TO_32_BIT_CONVERSION = YES;
				GCC_WARN_ABOUT_RETURN_TYPE = YES_ERROR;
				GCC_WARN_UNDECLARED_SELECTOR = YES;
				GCC_WARN_UNINITIALIZED_AUTOS = YES_AGGRESSIVE;
				GCC_WARN_UNUSED_FUNCTION = YES;
				GCC_WARN_UNUSED_VARIABLE = YES;
				IPHONEOS_DEPLOYMENT_TARGET = 15.5;
				MTL_ENABLE_DEBUG_INFO = INCLUDE_SOURCE;
				MTL_FAST_MATH = YES;
				ONLY_ACTIVE_ARCH = YES;
				SDKROOT = iphoneos;
				SWIFT_ACTIVE_COMPILATION_CONDITIONS = DEBUG;
				SWIFT_OPTIMIZATION_LEVEL = "-Onone";
			};
			name = Debug;
		};
		46BFB44428C63F510075F06B /* Release */ = {
			isa = XCBuildConfiguration;
			buildSettings = {
				ALWAYS_SEARCH_USER_PATHS = NO;
				CLANG_ANALYZER_NONNULL = YES;
				CLANG_ANALYZER_NUMBER_OBJECT_CONVERSION = YES_AGGRESSIVE;
				CLANG_CXX_LANGUAGE_STANDARD = "gnu++17";
				CLANG_ENABLE_MODULES = YES;
				CLANG_ENABLE_OBJC_ARC = YES;
				CLANG_ENABLE_OBJC_WEAK = YES;
				CLANG_WARN_BLOCK_CAPTURE_AUTORELEASING = YES;
				CLANG_WARN_BOOL_CONVERSION = YES;
				CLANG_WARN_COMMA = YES;
				CLANG_WARN_CONSTANT_CONVERSION = YES;
				CLANG_WARN_DEPRECATED_OBJC_IMPLEMENTATIONS = YES;
				CLANG_WARN_DIRECT_OBJC_ISA_USAGE = YES_ERROR;
				CLANG_WARN_DOCUMENTATION_COMMENTS = YES;
				CLANG_WARN_EMPTY_BODY = YES;
				CLANG_WARN_ENUM_CONVERSION = YES;
				CLANG_WARN_INFINITE_RECURSION = YES;
				CLANG_WARN_INT_CONVERSION = YES;
				CLANG_WARN_NON_LITERAL_NULL_CONVERSION = YES;
				CLANG_WARN_OBJC_IMPLICIT_RETAIN_SELF = YES;
				CLANG_WARN_OBJC_LITERAL_CONVERSION = YES;
				CLANG_WARN_OBJC_ROOT_CLASS = YES_ERROR;
				CLANG_WARN_QUOTED_INCLUDE_IN_FRAMEWORK_HEADER = YES;
				CLANG_WARN_RANGE_LOOP_ANALYSIS = YES;
				CLANG_WARN_STRICT_PROTOTYPES = YES;
				CLANG_WARN_SUSPICIOUS_MOVE = YES;
				CLANG_WARN_UNGUARDED_AVAILABILITY = YES_AGGRESSIVE;
				CLANG_WARN_UNREACHABLE_CODE = YES;
				CLANG_WARN__DUPLICATE_METHOD_MATCH = YES;
				COPY_PHASE_STRIP = NO;
				DEBUG_INFORMATION_FORMAT = "dwarf-with-dsym";
				ENABLE_NS_ASSERTIONS = NO;
				ENABLE_STRICT_OBJC_MSGSEND = YES;
				GCC_C_LANGUAGE_STANDARD = gnu11;
				GCC_NO_COMMON_BLOCKS = YES;
				GCC_WARN_64_TO_32_BIT_CONVERSION = YES;
				GCC_WARN_ABOUT_RETURN_TYPE = YES_ERROR;
				GCC_WARN_UNDECLARED_SELECTOR = YES;
				GCC_WARN_UNINITIALIZED_AUTOS = YES_AGGRESSIVE;
				GCC_WARN_UNUSED_FUNCTION = YES;
				GCC_WARN_UNUSED_VARIABLE = YES;
				IPHONEOS_DEPLOYMENT_TARGET = 15.5;
				MTL_ENABLE_DEBUG_INFO = NO;
				MTL_FAST_MATH = YES;
				SDKROOT = iphoneos;
				SWIFT_COMPILATION_MODE = wholemodule;
				SWIFT_OPTIMIZATION_LEVEL = "-O";
				VALIDATE_PRODUCT = YES;
			};
			name = Release;
		};
		46BFB44628C63F510075F06B /* Debug */ = {
			isa = XCBuildConfiguration;
			baseConfigurationReference = D3615D715579AC5B51A45441 /* Pods-PodfileExample.debug.xcconfig */;
			buildSettings = {
				ASSETCATALOG_COMPILER_APPICON_NAME = AppIcon;
				ASSETCATALOG_COMPILER_GLOBAL_ACCENT_COLOR_NAME = AccentColor;
				CODE_SIGN_STYLE = Automatic;
				CURRENT_PROJECT_VERSION = 1;
				DEVELOPMENT_TEAM = LM29897WJX;
				GENERATE_INFOPLIST_FILE = YES;
				INFOPLIST_FILE = PodfileExample/Info.plist;
				INFOPLIST_KEY_UIApplicationSupportsIndirectInputEvents = YES;
				INFOPLIST_KEY_UILaunchStoryboardName = LaunchScreen;
				INFOPLIST_KEY_UIMainStoryboardFile = Main;
				INFOPLIST_KEY_UISupportedInterfaceOrientations_iPad = "UIInterfaceOrientationPortrait UIInterfaceOrientationPortraitUpsideDown UIInterfaceOrientationLandscapeLeft UIInterfaceOrientationLandscapeRight";
				INFOPLIST_KEY_UISupportedInterfaceOrientations_iPhone = "UIInterfaceOrientationPortrait UIInterfaceOrientationLandscapeLeft UIInterfaceOrientationLandscapeRight";
				LD_RUNPATH_SEARCH_PATHS = (
					"$(inherited)",
					"@executable_path/Frameworks",
				);
				MARKETING_VERSION = 1.0;
				PRODUCT_BUNDLE_IDENTIFIER = org.zzz.PodfileExample;
				PRODUCT_NAME = "$(TARGET_NAME)";
				SWIFT_EMIT_LOC_STRINGS = YES;
				SWIFT_VERSION = 5.0;
				TARGETED_DEVICE_FAMILY = "1,2";
			};
			name = Debug;
		};
		46BFB44728C63F510075F06B /* Release */ = {
			isa = XCBuildConfiguration;
			baseConfigurationReference = B9D77558E188D63256E89578 /* Pods-PodfileExample.release.xcconfig */;
			buildSettings = {
				ASSETCATALOG_COMPILER_APPICON_NAME = AppIcon;
				ASSETCATALOG_COMPILER_GLOBAL_ACCENT_COLOR_NAME = AccentColor;
				CODE_SIGN_STYLE = Automatic;
				CURRENT_PROJECT_VERSION = 1;
				DEVELOPMENT_TEAM = LM29897WJX;
				GENERATE_INFOPLIST_FILE = YES;
				INFOPLIST_FILE = PodfileExample/Info.plist;
				INFOPLIST_KEY_UIApplicationSupportsIndirectInputEvents = YES;
				INFOPLIST_KEY_UILaunchStoryboardName = LaunchScreen;
				INFOPLIST_KEY_UIMainStoryboardFile = Main;
				INFOPLIST_KEY_UISupportedInterfaceOrientations_iPad = "UIInterfaceOrientationPortrait UIInterfaceOrientationPortraitUpsideDown UIInterfaceOrientationLandscapeLeft UIInterfaceOrientationLandscapeRight";
				INFOPLIST_KEY_UISupportedInterfaceOrientations_iPhone = "UIInterfaceOrientationPortrait UIInterfaceOrientationLandscapeLeft UIInterfaceOrientationLandscapeRight";
				LD_RUNPATH_SEARCH_PATHS = (
					"$(inherited)",
					"@executable_path/Frameworks",
				);
				MARKETING_VERSION = 1.0;
				PRODUCT_BUNDLE_IDENTIFIER = org.zzz.PodfileExample;
				PRODUCT_NAME = "$(TARGET_NAME)";
				SWIFT_EMIT_LOC_STRINGS = YES;
				SWIFT_VERSION = 5.0;
				TARGETED_DEVICE_FAMILY = "1,2";
			};
			name = Release;
		};
/* End XCBuildConfiguration section */

/* Begin XCConfigurationList section */
		467DF3F028D723F500CEC61A /* Build configuration list for PBXNativeTarget "Test2" */ = {
			isa = XCConfigurationList;
			buildConfigurations = (
				467DF3EE28D723F500CEC61A /* Debug */,
				467DF3EF28D723F500CEC61A /* Release */,
			);
			defaultConfigurationIsVisible = 0;
			defaultConfigurationName = Release;
		};
		46BFB42C28C63F4F0075F06B /* Build configuration list for PBXProject "PodfileExample" */ = {
			isa = XCConfigurationList;
			buildConfigurations = (
				46BFB44328C63F510075F06B /* Debug */,
				46BFB44428C63F510075F06B /* Release */,
			);
			defaultConfigurationIsVisible = 0;
			defaultConfigurationName = Release;
		};
		46BFB44528C63F510075F06B /* Build configuration list for PBXNativeTarget "PodfileExample" */ = {
			isa = XCConfigurationList;
			buildConfigurations = (
				46BFB44628C63F510075F06B /* Debug */,
				46BFB44728C63F510075F06B /* Release */,
			);
			defaultConfigurationIsVisible = 0;
			defaultConfigurationName = Release;
		};
/* End XCConfigurationList section */
	};
	rootObject = 46BFB42928C63F4F0075F06B /* Project object */;
}
